
Microsoft Visual Studio Solution File, Format Version 12.00
# Visual Studio Version 17
VisualStudioVersion = 17.2.32427.441
MinimumVisualStudioVersion = 10.0.40219.1
Project("{FAE04EC0-301F-11D3-BF4B-00C04F79EFBC}") = "TRMDataManager", "TRMDataManager\TRMDataManager.csproj", "{4106C9AC-C479-4F72-B4B9-A5866F483F3E}"
EndProject
Project("{FAE04EC0-301F-11D3-BF4B-00C04F79EFBC}") = "TRMDesktopUI", "TRMDesktopUI\TRMDesktopUI.csproj", "{43F5F441-488F-4FA5-A2C7-78D5839452BB}"
EndProject
Global
	GlobalSection(SolutionConfigurationPlatforms) = preSolution
		Debug|Any CPU = Debug|Any CPU
		Release|Any CPU = Release|Any CPU
	EndGlobalSection
	GlobalSection(ProjectConfigurationPlatforms) = postSolution
		{4106C9AC-C479-4F72-B4B9-A5866F483F3E}.Debug|Any CPU.ActiveCfg = Debug|Any CPU
		{4106C9AC-C479-4F72-B4B9-A5866F483F3E}.Debug|Any CPU.Build.0 = Debug|Any CPU
		{4106C9AC-C479-4F72-B4B9-A5866F483F3E}.Release|Any CPU.ActiveCfg = Release|Any CPU
		{4106C9AC-C479-4F72-B4B9-A5866F483F3E}.Release|Any CPU.Build.0 = Release|Any CPU
		{43F5F441-488F-4FA5-A2C7-78D5839452BB}.Debug|Any CPU.ActiveCfg = Debug|Any CPU
		{43F5F441-488F-4FA5-A2C7-78D5839452BB}.Debug|Any CPU.Build.0 = Debug|Any CPU
		{43F5F441-488F-4FA5-A2C7-78D5839452BB}.Release|Any CPU.ActiveCfg = Release|Any CPU
		{43F5F441-488F-4FA5-A2C7-78D5839452BB}.Release|Any CPU.Build.0 = Release|Any CPU
	EndGlobalSection
	GlobalSection(SolutionProperties) = preSolution
		HideSolutionNode = FALSE
	EndGlobalSection
	GlobalSection(ExtensibilityGlobals) = postSolution
		SolutionGuid = {E2491ECE-4E2D-48A3-A65C-DBEFCF96FDA6}
	EndGlobalSection
EndGlobal
